
Microsoft Visual Studio Solution File, Format Version 12.00
# Visual Studio 14
VisualStudioVersion = 14.0.25420.1
MinimumVisualStudioVersion = 10.0.40219.1
Project("{FAE04EC0-301F-11D3-BF4B-00C04F79EFBC}") = "OrleansAppDomainTest", "OrleansAppDomainTest\OrleansAppDomainTest.csproj", "{88410EC8-BD5A-404A-989F-822C46CB75B6}"
EndProject
Project("{FAE04EC0-301F-11D3-BF4B-00C04F79EFBC}") = "OrleansAppDomainTest.Grains", "OrleansAppDomainTest.Grains\OrleansAppDomainTest.Grains.csproj", "{64C50F20-868E-4A81-A659-FCFE59F9E102}"
EndProject
Project("{FAE04EC0-301F-11D3-BF4B-00C04F79EFBC}") = "OrleansAppDomainTest.GrainInterfaces", "OrleansAppDomainTest.GrainInterfaces\OrleansAppDomainTest.GrainInterfaces.csproj", "{1F6BE7FA-6037-4AE2-92CA-31609EE412FA}"
EndProject
Global
	GlobalSection(SolutionConfigurationPlatforms) = preSolution
		Debug|Any CPU = Debug|Any CPU
		Release|Any CPU = Release|Any CPU
	EndGlobalSection
	GlobalSection(ProjectConfigurationPlatforms) = postSolution
		{88410EC8-BD5A-404A-989F-822C46CB75B6}.Debug|Any CPU.ActiveCfg = Debug|Any CPU
		{88410EC8-BD5A-404A-989F-822C46CB75B6}.Debug|Any CPU.Build.0 = Debug|Any CPU
		{88410EC8-BD5A-404A-989F-822C46CB75B6}.Release|Any CPU.ActiveCfg = Release|Any CPU
		{88410EC8-BD5A-404A-989F-822C46CB75B6}.Release|Any CPU.Build.0 = Release|Any CPU
		{64C50F20-868E-4A81-A659-FCFE59F9E102}.Debug|Any CPU.ActiveCfg = Debug|Any CPU
		{64C50F20-868E-4A81-A659-FCFE59F9E102}.Debug|Any CPU.Build.0 = Debug|Any CPU
		{64C50F20-868E-4A81-A659-FCFE59F9E102}.Release|Any CPU.ActiveCfg = Release|Any CPU
		{64C50F20-868E-4A81-A659-FCFE59F9E102}.Release|Any CPU.Build.0 = Release|Any CPU
		{1F6BE7FA-6037-4AE2-92CA-31609EE412FA}.Debug|Any CPU.ActiveCfg = Debug|Any CPU
		{1F6BE7FA-6037-4AE2-92CA-31609EE412FA}.Debug|Any CPU.Build.0 = Debug|Any CPU
		{1F6BE7FA-6037-4AE2-92CA-31609EE412FA}.Release|Any CPU.ActiveCfg = Release|Any CPU
		{1F6BE7FA-6037-4AE2-92CA-31609EE412FA}.Release|Any CPU.Build.0 = Release|Any CPU
	EndGlobalSection
	GlobalSection(SolutionProperties) = preSolution
		HideSolutionNode = FALSE
	EndGlobalSection
EndGlobal
